Microsoft Visual Studio Solution File, Format Version 12.00
# Visual Studio Version 16
VisualStudioVersion = 16.0.28803.202
MinimumVisualStudioVersion = 10.0.40219.1
Project("{FAE04EC0-301F-11D3-BF4B-00C04F79EFBC}") = "phoenix.client.tljournal", "phoenix.client.tljournal\phoenix.client.tljournal.csproj", "{EBAC1D61-B838-4144-A7A3-41B1950F10B8}"
EndProject
Project("{FAE04EC0-301F-11D3-BF4B-00C04F79EFBC}") = "phoenix.client.tlbatch", "phoenix.client.tlbatch\phoenix.client.tlbatch.csproj", "{2EE4A45D-4E17-4E80-A4BB-74E33CFD4D7A}"
EndProject
Project("{FAE04EC0-301F-11D3-BF4B-00C04F79EFBC}") = "Phoenix.Client.TlTranTotal", "phoenix.client.tltrantotal\Phoenix.Client.TlTranTotal.csproj", "{C6683513-C2AA-4A45-99E1-3C25E3B3CD12}"
EndProject
Project("{FAE04EC0-301F-11D3-BF4B-00C04F79EFBC}") = "phoenix.client.tlcalculator", "phoenix.client.tlcalculator\phoenix.client.tlcalculator.csproj", "{A35E67B8-821B-4323-8730-48FF9671346D}"
EndProject
Project("{FAE04EC0-301F-11D3-BF4B-00C04F79EFBC}") = "phoenix.client.tltrancode", "phoenix.client.tltrancode\phoenix.client.tltrancode.csproj", "{05908290-3B60-4C4A-B45E-1D6B20BEBCF9}"
EndProject
Project("{FAE04EC0-301F-11D3-BF4B-00C04F79EFBC}") = "phoenix.client.tlposition", "phoenix.client.tlposition\phoenix.client.tlposition.csproj", "{6B4FED55-01C2-40D6-A6E1-B1C1203BE95A}"
EndProject
Project("{FAE04EC0-301F-11D3-BF4B-00C04F79EFBC}") = "phoenix.client.tlcashdrawer", "phoenix.client.tlcashdrawer\phoenix.client.tlcashdrawer.csproj", "{ADB78B33-622B-4E0F-AB7D-50758AA3F8BB}"
EndProject
Project("{FAE04EC0-301F-11D3-BF4B-00C04F79EFBC}") = "phoenix.client.tldrawermaintenance", "phoenix.client.tldrawermaintenance\phoenix.client.tldrawermaintenance.csproj", "{9C301A3D-B3A2-4B3C-931D-CDAED5FB4127}"
EndProject
Project("{FAE04EC0-301F-11D3-BF4B-00C04F79EFBC}") = "phoenix.client.tlsupervisor", "phoenix.client.tlsupervisor\phoenix.client.tlsupervisor.csproj", "{B225DF1F-002A-4B73-8976-F949B0D5A62B}"
EndProject
Project("{FAE04EC0-301F-11D3-BF4B-00C04F79EFBC}") = "phoenix.client.tlcaptureditems", "phoenix.client.tlcaptureditems\phoenix.client.tlcaptureditems.csproj", "{56A7A03D-E182-4911-B38E-02E2EC52416A}"
EndProject
Project("{FAE04EC0-301F-11D3-BF4B-00C04F79EFBC}") = "phoenix.client.tloverride", "phoenix.client.tloverride\phoenix.client.tloverride.csproj", "{0249C86E-FD27-4748-8982-850360DED8DA}"
EndProject
Project("{FAE04EC0-301F-11D3-BF4B-00C04F79EFBC}") = "phoenix.client.tlcashcount", "phoenix.client.tlcashcount\phoenix.client.tlcashcount.csproj", "{C1634093-277F-42DE-8389-B756CD7226C9}"
EndProject
Project("{FAE04EC0-301F-11D3-BF4B-00C04F79EFBC}") = "phoenix.client.tlredemption", "phoenix.client.tlredemption\phoenix.client.tlredemption.csproj", "{62D49E00-4513-464F-B58D-8A7D94F2CA7B}"
EndProject
Project("{FAE04EC0-301F-11D3-BF4B-00C04F79EFBC}") = "phoenix.client.tlprinting", "phoenix.client.tlprinting\phoenix.client.tlprinting.csproj", "{8D1946D9-8C4E-41E1-9481-A75565492B21}"
EndProject
Project("{FAE04EC0-301F-11D3-BF4B-00C04F79EFBC}") = "phoenix.client.tlforward", "phoenix.client.tlforward\phoenix.client.tlforward.csproj", "{0E6F831A-2758-4096-93E9-3162B55CDC9F}"
EndProject
Project("{FAE04EC0-301F-11D3-BF4B-00C04F79EFBC}") = "phoenix.client.tcdadmin", "phoenix.client.tcdadmin\phoenix.client.tcdadmin.csproj", "{1C1B4D40-495A-46E3-889C-1394D2600947}"
EndProject
Project("{FAE04EC0-301F-11D3-BF4B-00C04F79EFBC}") = "phoenix.client.tlproofdetails", "phoenix.client.tlproofdetails\phoenix.client.tlproofdetails.csproj", "{DF7E5882-3B7D-4338-83F6-767E123BAC3B}"
EndProject
Project("{FAE04EC0-301F-11D3-BF4B-00C04F79EFBC}") = "phoenix.client.tlprooftotals", "phoenix.client.tlprooftotals\phoenix.client.tlprooftotals.csproj", "{FD08BD37-8044-4559-B58E-A41D3C36B135}"
EndProject
Project("{FAE04EC0-301F-11D3-BF4B-00C04F79EFBC}") = "Phoenix.MultiTranTeller.Base", "Phoenix.MultiTranTeller.Base\Phoenix.MultiTranTeller.Base.csproj", "{B7FA46F8-87F9-4715-9E5E-BA207B399E2F}"
EndProject
Project("{FAE04EC0-301F-11D3-BF4B-00C04F79EFBC}") = "phoenix.client.tlquicktrancode", "phoenix.client.tlquicktrancode\phoenix.client.tlquicktrancode.csproj", "{18F19CCC-AEB5-4072-8433-559D8D3CA58B}"
EndProject
Global
	GlobalSection(SolutionConfigurationPlatforms) = preSolution
		Debug|Any CPU = Debug|Any CPU
		Debug|x86 = Debug|x86
		Release|Any CPU = Release|Any CPU
		Release|x86 = Release|x86
	EndGlobalSection
	GlobalSection(ProjectConfigurationPlatforms) = postSolution
		{EBAC1D61-B838-4144-A7A3-41B1950F10B8}.Debug|Any CPU.ActiveCfg = Debug|Any CPU
		{EBAC1D61-B838-4144-A7A3-41B1950F10B8}.Debug|Any CPU.Build.0 = Debug|Any CPU
		{EBAC1D61-B838-4144-A7A3-41B1950F10B8}.Debug|x86.ActiveCfg = Debug|x86
		{EBAC1D61-B838-4144-A7A3-41B1950F10B8}.Debug|x86.Build.0 = Debug|x86
		{EBAC1D61-B838-4144-A7A3-41B1950F10B8}.Release|Any CPU.ActiveCfg = Release|Any CPU
		{EBAC1D61-B838-4144-A7A3-41B1950F10B8}.Release|Any CPU.Build.0 = Release|Any CPU
		{EBAC1D61-B838-4144-A7A3-41B1950F10B8}.Release|x86.ActiveCfg = Release|x86
		{EBAC1D61-B838-4144-A7A3-41B1950F10B8}.Release|x86.Build.0 = Release|x86
		{2EE4A45D-4E17-4E80-A4BB-74E33CFD4D7A}.Debug|Any CPU.ActiveCfg = Debug|Any CPU
		{2EE4A45D-4E17-4E80-A4BB-74E33CFD4D7A}.Debug|Any CPU.Build.0 = Debug|Any CPU
		{2EE4A45D-4E17-4E80-A4BB-74E33CFD4D7A}.Debug|x86.ActiveCfg = Debug|x86
		{2EE4A45D-4E17-4E80-A4BB-74E33CFD4D7A}.Debug|x86.Build.0 = Debug|x86
		{2EE4A45D-4E17-4E80-A4BB-74E33CFD4D7A}.Release|Any CPU.ActiveCfg = Release|Any CPU
		{2EE4A45D-4E17-4E80-A4BB-74E33CFD4D7A}.Release|Any CPU.Build.0 = Release|Any CPU
		{2EE4A45D-4E17-4E80-A4BB-74E33CFD4D7A}.Release|x86.ActiveCfg = Release|x86
		{2EE4A45D-4E17-4E80-A4BB-74E33CFD4D7A}.Release|x86.Build.0 = Release|x86
		{C6683513-C2AA-4A45-99E1-3C25E3B3CD12}.Debug|Any CPU.ActiveCfg = Debug|Any CPU
		{C6683513-C2AA-4A45-99E1-3C25E3B3CD12}.Debug|Any CPU.Build.0 = Debug|Any CPU
		{C6683513-C2AA-4A45-99E1-3C25E3B3CD12}.Debug|x86.ActiveCfg = Debug|x86
		{C6683513-C2AA-4A45-99E1-3C25E3B3CD12}.Debug|x86.Build.0 = Debug|x86
		{C6683513-C2AA-4A45-99E1-3C25E3B3CD12}.Release|Any CPU.ActiveCfg = Release|Any CPU
		{C6683513-C2AA-4A45-99E1-3C25E3B3CD12}.Release|Any CPU.Build.0 = Release|Any CPU
		{C6683513-C2AA-4A45-99E1-3C25E3B3CD12}.Release|x86.ActiveCfg = Release|x86
		{C6683513-C2AA-4A45-99E1-3C25E3B3CD12}.Release|x86.Build.0 = Release|x86
		{A35E67B8-821B-4323-8730-48FF9671346D}.Debug|Any CPU.ActiveCfg = Debug|Any CPU
		{A35E67B8-821B-4323-8730-48FF9671346D}.Debug|Any CPU.Build.0 = Debug|Any CPU
		{A35E67B8-821B-4323-8730-48FF9671346D}.Debug|x86.ActiveCfg = Debug|x86
		{A35E67B8-821B-4323-8730-48FF9671346D}.Debug|x86.Build.0 = Debug|x86
		{A35E67B8-821B-4323-8730-48FF9671346D}.Release|Any CPU.ActiveCfg = Release|Any CPU
		{A35E67B8-821B-4323-8730-48FF9671346D}.Release|Any CPU.Build.0 = Release|Any CPU
		{A35E67B8-821B-4323-8730-48FF9671346D}.Release|x86.ActiveCfg = Release|x86
		{A35E67B8-821B-4323-8730-48FF9671346D}.Release|x86.Build.0 = Release|x86
		{05908290-3B60-4C4A-B45E-1D6B20BEBCF9}.Debug|Any CPU.ActiveCfg = Debug|Any CPU
		{05908290-3B60-4C4A-B45E-1D6B20BEBCF9}.Debug|Any CPU.Build.0 = Debug|Any CPU
		{05908290-3B60-4C4A-B45E-1D6B20BEBCF9}.Debug|x86.ActiveCfg = Debug|x86
		{05908290-3B60-4C4A-B45E-1D6B20BEBCF9}.Debug|x86.Build.0 = Debug|x86
		{05908290-3B60-4C4A-B45E-1D6B20BEBCF9}.Release|Any CPU.ActiveCfg = Release|Any CPU
		{05908290-3B60-4C4A-B45E-1D6B20BEBCF9}.Release|Any CPU.Build.0 = Release|Any CPU
		{05908290-3B60-4C4A-B45E-1D6B20BEBCF9}.Release|x86.ActiveCfg = Release|x86
		{05908290-3B60-4C4A-B45E-1D6B20BEBCF9}.Release|x86.Build.0 = Release|x86
		{6B4FED55-01C2-40D6-A6E1-B1C1203BE95A}.Debug|Any CPU.ActiveCfg = Debug|Any CPU
		{6B4FED55-01C2-40D6-A6E1-B1C1203BE95A}.Debug|Any CPU.Build.0 = Debug|Any CPU
		{6B4FED55-01C2-40D6-A6E1-B1C1203BE95A}.Debug|x86.ActiveCfg = Debug|x86
		{6B4FED55-01C2-40D6-A6E1-B1C1203BE95A}.Debug|x86.Build.0 = Debug|x86
		{6B4FED55-01C2-40D6-A6E1-B1C1203BE95A}.Release|Any CPU.ActiveCfg = Release|Any CPU
		{6B4FED55-01C2-40D6-A6E1-B1C1203BE95A}.Release|Any CPU.Build.0 = Release|Any CPU
		{6B4FED55-01C2-40D6-A6E1-B1C1203BE95A}.Release|x86.ActiveCfg = Release|x86
		{6B4FED55-01C2-40D6-A6E1-B1C1203BE95A}.Release|x86.Build.0 = Release|x86
		{ADB78B33-622B-4E0F-AB7D-50758AA3F8BB}.Debug|Any CPU.ActiveCfg = Debug|Any CPU
		{ADB78B33-622B-4E0F-AB7D-50758AA3F8BB}.Debug|Any CPU.Build.0 = Debug|Any CPU
		{ADB78B33-622B-4E0F-AB7D-50758AA3F8BB}.Debug|x86.ActiveCfg = Debug|x86
		{ADB78B33-622B-4E0F-AB7D-50758AA3F8BB}.Debug|x86.Build.0 = Debug|x86
		{ADB78B33-622B-4E0F-AB7D-50758AA3F8BB}.Release|Any CPU.ActiveCfg = Release|Any CPU
		{ADB78B33-622B-4E0F-AB7D-50758AA3F8BB}.Release|Any CPU.Build.0 = Release|Any CPU
		{ADB78B33-622B-4E0F-AB7D-50758AA3F8BB}.Release|x86.ActiveCfg = Release|x86
		{ADB78B33-622B-4E0F-AB7D-50758AA3F8BB}.Release|x86.Build.0 = Release|x86
		{9C301A3D-B3A2-4B3C-931D-CDAED5FB4127}.Debug|Any CPU.ActiveCfg = Debug|Any CPU
		{9C301A3D-B3A2-4B3C-931D-CDAED5FB4127}.Debug|Any CPU.Build.0 = Debug|Any CPU
		{9C301A3D-B3A2-4B3C-931D-CDAED5FB4127}.Debug|x86.ActiveCfg = Debug|x86
		{9C301A3D-B3A2-4B3C-931D-CDAED5FB4127}.Debug|x86.Build.0 = Debug|x86
		{9C301A3D-B3A2-4B3C-931D-CDAED5FB4127}.Release|Any CPU.ActiveCfg = Release|Any CPU
		{9C301A3D-B3A2-4B3C-931D-CDAED5FB4127}.Release|Any CPU.Build.0 = Release|Any CPU
		{9C301A3D-B3A2-4B3C-931D-CDAED5FB4127}.Release|x86.ActiveCfg = Release|x86
		{9C301A3D-B3A2-4B3C-931D-CDAED5FB4127}.Release|x86.Build.0 = Release|x86
		{B225DF1F-002A-4B73-8976-F949B0D5A62B}.Debug|Any CPU.ActiveCfg = Debug|Any CPU
		{B225DF1F-002A-4B73-8976-F949B0D5A62B}.Debug|Any CPU.Build.0 = Debug|Any CPU
		{B225DF1F-002A-4B73-8976-F949B0D5A62B}.Debug|x86.ActiveCfg = Debug|x86
		{B225DF1F-002A-4B73-8976-F949B0D5A62B}.Debug|x86.Build.0 = Debug|x86
		{B225DF1F-002A-4B73-8976-F949B0D5A62B}.Release|Any CPU.ActiveCfg = Release|Any CPU
		{B225DF1F-002A-4B73-8976-F949B0D5A62B}.Release|Any CPU.Build.0 = Release|Any CPU
		{B225DF1F-002A-4B73-8976-F949B0D5A62B}.Release|x86.ActiveCfg = Release|x86
		{B225DF1F-002A-4B73-8976-F949B0D5A62B}.Release|x86.Build.0 = Release|x86
		{56A7A03D-E182-4911-B38E-02E2EC52416A}.Debug|Any CPU.ActiveCfg = Debug|Any CPU
		{56A7A03D-E182-4911-B38E-02E2EC52416A}.Debug|Any CPU.Build.0 = Debug|Any CPU
		{56A7A03D-E182-4911-B38E-02E2EC52416A}.Debug|x86.ActiveCfg = Debug|x86
		{56A7A03D-E182-4911-B38E-02E2EC52416A}.Debug|x86.Build.0 = Debug|x86
		{56A7A03D-E182-4911-B38E-02E2EC52416A}.Release|Any CPU.ActiveCfg = Release|Any CPU
		{56A7A03D-E182-4911-B38E-02E2EC52416A}.Release|Any CPU.Build.0 = Release|Any CPU
		{56A7A03D-E182-4911-B38E-02E2EC52416A}.Release|x86.ActiveCfg = Release|x86
		{56A7A03D-E182-4911-B38E-02E2EC52416A}.Release|x86.Build.0 = Release|x86
		{0249C86E-FD27-4748-8982-850360DED8DA}.Debug|Any CPU.ActiveCfg = Debug|Any CPU
		{0249C86E-FD27-4748-8982-850360DED8DA}.Debug|Any CPU.Build.0 = Debug|Any CPU
		{0249C86E-FD27-4748-8982-850360DED8DA}.Debug|x86.ActiveCfg = Debug|x86
		{0249C86E-FD27-4748-8982-850360DED8DA}.Debug|x86.Build.0 = Debug|x86
		{0249C86E-FD27-4748-8982-850360DED8DA}.Release|Any CPU.ActiveCfg = Release|Any CPU
		{0249C86E-FD27-4748-8982-850360DED8DA}.Release|Any CPU.Build.0 = Release|Any CPU
		{0249C86E-FD27-4748-8982-850360DED8DA}.Release|x86.ActiveCfg = Release|x86
		{0249C86E-FD27-4748-8982-850360DED8DA}.Release|x86.Build.0 = Release|x86
		{C1634093-277F-42DE-8389-B756CD7226C9}.Debug|Any CPU.ActiveCfg = Debug|Any CPU
		{C1634093-277F-42DE-8389-B756CD7226C9}.Debug|Any CPU.Build.0 = Debug|Any CPU
		{C1634093-277F-42DE-8389-B756CD7226C9}.Debug|x86.ActiveCfg = Debug|x86
		{C1634093-277F-42DE-8389-B756CD7226C9}.Debug|x86.Build.0 = Debug|x86
		{C1634093-277F-42DE-8389-B756CD7226C9}.Release|Any CPU.ActiveCfg = Release|Any CPU
		{C1634093-277F-42DE-8389-B756CD7226C9}.Release|Any CPU.Build.0 = Release|Any CPU
		{C1634093-277F-42DE-8389-B756CD7226C9}.Release|x86.ActiveCfg = Release|x86
		{C1634093-277F-42DE-8389-B756CD7226C9}.Release|x86.Build.0 = Release|x86
		{62D49E00-4513-464F-B58D-8A7D94F2CA7B}.Debug|Any CPU.ActiveCfg = Debug|Any CPU
		{62D49E00-4513-464F-B58D-8A7D94F2CA7B}.Debug|Any CPU.Build.0 = Debug|Any CPU
		{62D49E00-4513-464F-B58D-8A7D94F2CA7B}.Debug|x86.ActiveCfg = Debug|x86
		{62D49E00-4513-464F-B58D-8A7D94F2CA7B}.Debug|x86.Build.0 = Debug|x86
		{62D49E00-4513-464F-B58D-8A7D94F2CA7B}.Release|Any CPU.ActiveCfg = Release|Any CPU
		{62D49E00-4513-464F-B58D-8A7D94F2CA7B}.Release|Any CPU.Build.0 = Release|Any CPU
		{62D49E00-4513-464F-B58D-8A7D94F2CA7B}.Release|x86.ActiveCfg = Release|x86
		{62D49E00-4513-464F-B58D-8A7D94F2CA7B}.Release|x86.Build.0 = Release|x86
		{8D1946D9-8C4E-41E1-9481-A75565492B21}.Debug|Any CPU.ActiveCfg = Debug|Any CPU
		{8D1946D9-8C4E-41E1-9481-A75565492B21}.Debug|Any CPU.Build.0 = Debug|Any CPU
		{8D1946D9-8C4E-41E1-9481-A75565492B21}.Debug|x86.ActiveCfg = Debug|x86
		{8D1946D9-8C4E-41E1-9481-A75565492B21}.Debug|x86.Build.0 = Debug|x86
		{8D1946D9-8C4E-41E1-9481-A75565492B21}.Release|Any CPU.ActiveCfg = Release|Any CPU
		{8D1946D9-8C4E-41E1-9481-A75565492B21}.Release|Any CPU.Build.0 = Release|Any CPU
		{8D1946D9-8C4E-41E1-9481-A75565492B21}.Release|x86.ActiveCfg = Release|x86
		{8D1946D9-8C4E-41E1-9481-A75565492B21}.Release|x86.Build.0 = Release|x86
		{0E6F831A-2758-4096-93E9-3162B55CDC9F}.Debug|Any CPU.ActiveCfg = Debug|Any CPU
		{0E6F831A-2758-4096-93E9-3162B55CDC9F}.Debug|Any CPU.Build.0 = Debug|Any CPU
		{0E6F831A-2758-4096-93E9-3162B55CDC9F}.Debug|x86.ActiveCfg = Debug|x86
		{0E6F831A-2758-4096-93E9-3162B55CDC9F}.Debug|x86.Build.0 = Debug|x86
		{0E6F831A-2758-4096-93E9-3162B55CDC9F}.Release|Any CPU.ActiveCfg = Release|Any CPU
		{0E6F831A-2758-4096-93E9-3162B55CDC9F}.Release|Any CPU.Build.0 = Release|Any CPU
		{0E6F831A-2758-4096-93E9-3162B55CDC9F}.Release|x86.ActiveCfg = Release|x86
		{0E6F831A-2758-4096-93E9-3162B55CDC9F}.Release|x86.Build.0 = Release|x86
		{1C1B4D40-495A-46E3-889C-1394D2600947}.Debug|Any CPU.ActiveCfg = Debug|Any CPU
		{1C1B4D40-495A-46E3-889C-1394D2600947}.Debug|Any CPU.Build.0 = Debug|Any CPU
		{1C1B4D40-495A-46E3-889C-1394D2600947}.Debug|x86.ActiveCfg = Debug|x86
		{1C1B4D40-495A-46E3-889C-1394D2600947}.Debug|x86.Build.0 = Debug|x86
		{1C1B4D40-495A-46E3-889C-1394D2600947}.Release|Any CPU.ActiveCfg = Release|Any CPU
		{1C1B4D40-495A-46E3-889C-1394D2600947}.Release|Any CPU.Build.0 = Release|Any CPU
		{1C1B4D40-495A-46E3-889C-1394D2600947}.Release|x86.ActiveCfg = Release|x86
		{1C1B4D40-495A-46E3-889C-1394D2600947}.Release|x86.Build.0 = Release|x86
		{DF7E5882-3B7D-4338-83F6-767E123BAC3B}.Debug|Any CPU.ActiveCfg = Debug|Any CPU
		{DF7E5882-3B7D-4338-83F6-767E123BAC3B}.Debug|Any CPU.Build.0 = Debug|Any CPU
		{DF7E5882-3B7D-4338-83F6-767E123BAC3B}.Debug|x86.ActiveCfg = Debug|x86
		{DF7E5882-3B7D-4338-83F6-767E123BAC3B}.Debug|x86.Build.0 = Debug|x86
		{DF7E5882-3B7D-4338-83F6-767E123BAC3B}.Release|Any CPU.ActiveCfg = Release|Any CPU
		{DF7E5882-3B7D-4338-83F6-767E123BAC3B}.Release|Any CPU.Build.0 = Release|Any CPU
		{DF7E5882-3B7D-4338-83F6-767E123BAC3B}.Release|x86.ActiveCfg = Release|x86
		{DF7E5882-3B7D-4338-83F6-767E123BAC3B}.Release|x86.Build.0 = Release|x86
		{FD08BD37-8044-4559-B58E-A41D3C36B135}.Debug|Any CPU.ActiveCfg = Debug|Any CPU
		{FD08BD37-8044-4559-B58E-A41D3C36B135}.Debug|Any CPU.Build.0 = Debug|Any CPU
		{FD08BD37-8044-4559-B58E-A41D3C36B135}.Debug|x86.ActiveCfg = Debug|x86
		{FD08BD37-8044-4559-B58E-A41D3C36B135}.Debug|x86.Build.0 = Debug|x86
		{FD08BD37-8044-4559-B58E-A41D3C36B135}.Release|Any CPU.ActiveCfg = Release|Any CPU
		{FD08BD37-8044-4559-B58E-A41D3C36B135}.Release|Any CPU.Build.0 = Release|Any CPU
		{FD08BD37-8044-4559-B58E-A41D3C36B135}.Release|x86.ActiveCfg = Release|x86
		{FD08BD37-8044-4559-B58E-A41D3C36B135}.Release|x86.Build.0 = Release|x86
		{B7FA46F8-87F9-4715-9E5E-BA207B399E2F}.Debug|Any CPU.ActiveCfg = Debug|Any CPU
		{B7FA46F8-87F9-4715-9E5E-BA207B399E2F}.Debug|Any CPU.Build.0 = Debug|Any CPU
		{B7FA46F8-87F9-4715-9E5E-BA207B399E2F}.Debug|x86.ActiveCfg = Debug|Any CPU
		{B7FA46F8-87F9-4715-9E5E-BA207B399E2F}.Debug|x86.Build.0 = Debug|Any CPU
		{B7FA46F8-87F9-4715-9E5E-BA207B399E2F}.Release|Any CPU.ActiveCfg = Release|Any CPU
		{B7FA46F8-87F9-4715-9E5E-BA207B399E2F}.Release|Any CPU.Build.0 = Release|Any CPU
		{B7FA46F8-87F9-4715-9E5E-BA207B399E2F}.Release|x86.ActiveCfg = Release|Any CPU
		{B7FA46F8-87F9-4715-9E5E-BA207B399E2F}.Release|x86.Build.0 = Release|Any CPU
		{18F19CCC-AEB5-4072-8433-559D8D3CA58B}.Debug|Any CPU.ActiveCfg = Debug|Any CPU
		{18F19CCC-AEB5-4072-8433-559D8D3CA58B}.Debug|Any CPU.Build.0 = Debug|Any CPU
		{18F19CCC-AEB5-4072-8433-559D8D3CA58B}.Debug|x86.ActiveCfg = Debug|Any CPU
		{18F19CCC-AEB5-4072-8433-559D8D3CA58B}.Debug|x86.Build.0 = Debug|Any CPU
		{18F19CCC-AEB5-4072-8433-559D8D3CA58B}.Release|Any CPU.ActiveCfg = Release|Any CPU
		{18F19CCC-AEB5-4072-8433-559D8D3CA58B}.Release|Any CPU.Build.0 = Release|Any CPU
		{18F19CCC-AEB5-4072-8433-559D8D3CA58B}.Release|x86.ActiveCfg = Release|Any CPU
		{18F19CCC-AEB5-4072-8433-559D8D3CA58B}.Release|x86.Build.0 = Release|Any CPU
	EndGlobalSection
	GlobalSection(SolutionProperties) = preSolution
		HideSolutionNode = FALSE
	EndGlobalSection
	GlobalSection(ExtensibilityGlobals) = postSolution
		SolutionGuid = {7FC882AA-38EA-4297-A42D-7C277131563A}
	EndGlobalSection
EndGlobal
